
Microsoft Visual Studio Solution File, Format Version 12.00
# Visual Studio 15
Project("{FAE04EC0-301F-11D3-BF4B-00C04F79EFBC}") = "gestorOcorrencias", "gestorOcorrencias.csproj", "{BDEB9337-C482-4764-8648-88B8B0EA4258}"
EndProject
Global
	GlobalSection(SolutionConfigurationPlatforms) = preSolution
		Debug|Any CPU = Debug|Any CPU
		Release|Any CPU = Release|Any CPU
	EndGlobalSection
	GlobalSection(ProjectConfigurationPlatforms) = postSolution
		{BDEB9337-C482-4764-8648-88B8B0EA4258}.Debug|Any CPU.ActiveCfg = Debug|Any CPU
		{BDEB9337-C482-4764-8648-88B8B0EA4258}.Debug|Any CPU.Build.0 = Debug|Any CPU
		{BDEB9337-C482-4764-8648-88B8B0EA4258}.Release|Any CPU.ActiveCfg = Release|Any CPU
		{BDEB9337-C482-4764-8648-88B8B0EA4258}.Release|Any CPU.Build.0 = Release|Any CPU
	EndGlobalSection
EndGlobal
